// !$*UTF8*$!
{
	archiveVersion = 1;
	classes = {
	};
	objectVersion = 50;
	objects = {

/* Begin PBXBuildFile section */
		018587C225A09B340043F648 /* AppDelegate.swift in Sources */ = {isa = PBXBuildFile; fileRef = 018587C125A09B340043F648 /* AppDelegate.swift */; };
		018587C625A09B340043F648 /* ViewController.swift in Sources */ = {isa = PBXBuildFile; fileRef = 018587C525A09B340043F648 /* ViewController.swift */; };
		018587C925A09B340043F648 /* Main.storyboard in Resources */ = {isa = PBXBuildFile; fileRef = 018587C725A09B340043F648 /* Main.storyboard */; };
		018587CB25A09B370043F648 /* Assets.xcassets in Resources */ = {isa = PBXBuildFile; fileRef = 018587CA25A09B370043F648 /* Assets.xcassets */; };
		018587CE25A09B370043F648 /* LaunchScreen.storyboard in Resources */ = {isa = PBXBuildFile; fileRef = 018587CC25A09B370043F648 /* LaunchScreen.storyboard */; };
		018587D725A09DAC0043F648 /* Words.swift in Sources */ = {isa = PBXBuildFile; fileRef = 018587D625A09DAC0043F648 /* Words.swift */; };
		018587DA25A0B4070043F648 /* Game.swift in Sources */ = {isa = PBXBuildFile; fileRef = 018587D925A0B4070043F648 /* Game.swift */; };
		018587DD25A45C980043F648 /* Cities.swift in Sources */ = {isa = PBXBuildFile; fileRef = 018587DC25A45C980043F648 /* Cities.swift */; };
/* End PBXBuildFile section */

/* Begin PBXFileReference section */
		018587BE25A09B340043F648 /* Names.app */ = {isa = PBXFileReference; explicitFileType = wrapper.application; includeInIndex = 0; path = Names.app; sourceTree = BUILT_PRODUCTS_DIR; };
		018587C125A09B340043F648 /* AppDelegate.swift */ = {isa = PBXFileReference; lastKnownFileType = sourcecode.swift; path = AppDelegate.swift; sourceTree = "<group>"; };
		018587C525A09B340043F648 /* ViewController.swift */ = {isa = PBXFileReference; lastKnownFileType = sourcecode.swift; path = ViewController.swift; sourceTree = "<group>"; };
		018587C825A09B340043F648 /* Base */ = {isa = PBXFileReference; lastKnownFileType = file.storyboard; name = Base; path = Base.lproj/Main.storyboard; sourceTree = "<group>"; };
		018587CA25A09B370043F648 /* Assets.xcassets */ = {isa = PBXFileReference; lastKnownFileType = folder.assetcatalog; path = Assets.xcassets; sourceTree = "<group>"; };
		018587CD25A09B370043F648 /* Base */ = {isa = PBXFileReference; lastKnownFileType = file.storyboard; name = Base; path = Base.lproj/LaunchScreen.storyboard; sourceTree = "<group>"; };
		018587CF25A09B370043F648 /* Info.plist */ = {isa = PBXFileReference; lastKnownFileType = text.plist.xml; path = Info.plist; sourceTree = "<group>"; };
		018587D625A09DAC0043F648 /* Words.swift */ = {isa = PBXFileReference; lastKnownFileType = sourcecode.swift; path = Words.swift; sourceTree = "<group>"; };
		018587D925A0B4070043F648 /* Game.swift */ = {isa = PBXFileReference; lastKnownFileType = sourcecode.swift; path = Game.swift; sourceTree = "<group>"; };
		018587DC25A45C980043F648 /* Cities.swift */ = {isa = PBXFileReference; lastKnownFileType = sourcecode.swift; path = Cities.swift; sourceTree = "<group>"; };
/* End PBXFileReference section */

/* Begin PBXFrameworksBuildPhase section */
		018587BB25A09B340043F648 /* Frameworks */ = {
			isa = PBXFrameworksBuildPhase;
			buildActionMask = 2147483647;
			files = (
			);
			runOnlyForDeploymentPostprocessing = 0;
		};
/* End PBXFrameworksBuildPhase section */

/* Begin PBXGroup section */
		018587B525A09B330043F648 = {
			isa = PBXGroup;
			children = (
				018587C025A09B340043F648 /* Names */,
				018587BF25A09B340043F648 /* Products */,
			);
			sourceTree = "<group>";
		};
		018587BF25A09B340043F648 /* Products */ = {
			isa = PBXGroup;
			children = (
				018587BE25A09B340043F648 /* Names.app */,
			);
			name = Products;
			sourceTree = "<group>";
		};
		018587C025A09B340043F648 /* Names */ = {
			isa = PBXGroup;
			children = (
				018587C125A09B340043F648 /* AppDelegate.swift */,
				018587C525A09B340043F648 /* ViewController.swift */,
				018587C725A09B340043F648 /* Main.storyboard */,
				018587CA25A09B370043F648 /* Assets.xcassets */,
				018587CC25A09B370043F648 /* LaunchScreen.storyboard */,
				018587CF25A09B370043F648 /* Info.plist */,
				018587D925A0B4070043F648 /* Game.swift */,
				018587D625A09DAC0043F648 /* Words.swift */,
				018587DC25A45C980043F648 /* Cities.swift */,
			);
			path = Names;
			sourceTree = "<group>";
		};
/* End PBXGroup section */

/* Begin PBXNativeTarget section */
		018587BD25A09B340043F648 /* Names */ = {
			isa = PBXNativeTarget;
			buildConfigurationList = 018587D225A09B370043F648 /* Build configuration list for PBXNativeTarget "Names" */;
			buildPhases = (
				018587BA25A09B340043F648 /* Sources */,
				018587BB25A09B340043F648 /* Frameworks */,
				018587BC25A09B340043F648 /* Resources */,
			);
			buildRules = (
			);
			dependencies = (
			);
			name = Names;
			productName = Names;
			productReference = 018587BE25A09B340043F648 /* Names.app */;
			productType = "com.apple.product-type.application";
		};
/* End PBXNativeTarget section */

/* Begin PBXProject section */
		018587B625A09B330043F648 /* Project object */ = {
			isa = PBXProject;
			attributes = {
				LastSwiftUpdateCheck = 1220;
				LastUpgradeCheck = 1220;
				TargetAttributes = {
					018587BD25A09B340043F648 = {
						CreatedOnToolsVersion = 12.2;
					};
				};
			};
			buildConfigurationList = 018587B925A09B330043F648 /* Build configuration list for PBXProject "Names" */;
			compatibilityVersion = "Xcode 9.3";
			developmentRegion = en;
			hasScannedForEncodings = 0;
			knownRegions = (
				en,
				Base,
			);
			mainGroup = 018587B525A09B330043F648;
			productRefGroup = 018587BF25A09B340043F648 /* Products */;
			projectDirPath = "";
			projectRoot = "";
			targets = (
				018587BD25A09B340043F648 /* Names */,
			);
		};
/* End PBXProject section */

/* Begin PBXResourcesBuildPhase section */
		018587BC25A09B340043F648 /* Resources */ = {
			isa = PBXResourcesBuildPhase;
			buildActionMask = 2147483647;
			files = (
				018587CE25A09B370043F648 /* LaunchScreen.storyboard in Resources */,
				018587CB25A09B370043F648 /* Assets.xcassets in Resources */,
				018587C925A09B340043F648 /* Main.storyboard in Resources */,
			);
			runOnlyForDeploymentPostprocessing = 0;
		};
/* End PBXResourcesBuildPhase section */

/* Begin PBXSourcesBuildPhase section */
		018587BA25A09B340043F648 /* Sources */ = {
			isa = PBXSourcesBuildPhase;
			buildActionMask = 2147483647;
			files = (
				018587DD25A45C980043F648 /* Cities.swift in Sources */,
				018587C625A09B340043F648 /* ViewController.swift in Sources */,
				018587DA25A0B4070043F648 /* Game.swift in Sources */,
				018587D725A09DAC0043F648 /* Words.swift in Sources */,
				018587C225A09B340043F648 /* AppDelegate.swift in Sources */,
			);
			runOnlyForDeploymentPostprocessing = 0;
		};
/* End PBXSourcesBuildPhase section */

/* Begin PBXVariantGroup section */
		018587C725A09B340043F648 /* Main.storyboard */ = {
			isa = PBXVariantGroup;
			children = (
				018587C825A09B340043F648 /* Base */,
			);
			name = Main.storyboard;
			sourceTree = "<group>";
		};
		018587CC25A09B370043F648 /* LaunchScreen.storyboard */ = {
			isa = PBXVariantGroup;
			children = (
				018587CD25A09B370043F648 /* Base */,
			);
			name = LaunchScreen.storyboard;
			sourceTree = "<group>";
		};
/* End PBXVariantGroup section */

/* Begin XCBuildConfiguration section */
		018587D025A09B370043F648 /* Debug */ = {
			isa = XCBuildConfiguration;
			buildSettings = {
				ALWAYS_SEARCH_USER_PATHS = NO;
				CLANG_ANALYZER_NONNULL = YES;
				CLANG_ANALYZER_NUMBER_OBJECT_CONVERSION = YES_AGGRESSIVE;
				CLANG_CXX_LANGUAGE_STANDARD = "gnu++14";
				CLANG_CXX_LIBRARY = "libc++";
				CLANG_ENABLE_MODULES = YES;
				CLANG_ENABLE_OBJC_ARC = YES;
				CLANG_ENABLE_OBJC_WEAK = YES;
				CLANG_WARN_BLOCK_CAPTURE_AUTORELEASING = YES;
				CLANG_WARN_BOOL_CONVERSION = YES;
				CLANG_WARN_COMMA = YES;
				CLANG_WARN_CONSTANT_CONVERSION = YES;
				CLANG_WARN_DEPRECATED_OBJC_IMPLEMENTATIONS = YES;
				CLANG_WARN_DIRECT_OBJC_ISA_USAGE = YES_ERROR;
				CLANG_WARN_DOCUMENTATION_COMMENTS = YES;
				CLANG_WARN_EMPTY_BODY = YES;
				CLANG_WARN_ENUM_CONVERSION = YES;
				CLANG_WARN_INFINITE_RECURSION = YES;
				CLANG_WARN_INT_CONVERSION = YES;
				CLANG_WARN_NON_LITERAL_NULL_CONVERSION = YES;
				CLANG_WARN_OBJC_IMPLICIT_RETAIN_SELF = YES;
				CLANG_WARN_OBJC_LITERAL_CONVERSION = YES;
				CLANG_WARN_OBJC_ROOT_CLASS = YES_ERROR;
				CLANG_WARN_QUOTED_INCLUDE_IN_FRAMEWORK_HEADER = YES;
				CLANG_WARN_RANGE_LOOP_ANALYSIS = YES;
				CLANG_WARN_STRICT_PROTOTYPES = YES;
				CLANG_WARN_SUSPICIOUS_MOVE = YES;
				CLANG_WARN_UNGUARDED_AVAILABILITY = YES_AGGRESSIVE;
				CLANG_WARN_UNREACHABLE_CODE = YES;
				CLANG_WARN__DUPLICATE_METHOD_MATCH = YES;
				COPY_PHASE_STRIP = NO;
				DEBUG_INFORMATION_FORMAT = dwarf;
				ENABLE_STRICT_OBJC_MSGSEND = YES;
				ENABLE_TESTABILITY = YES;
				GCC_C_LANGUAGE_STANDARD = gnu11;
				GCC_DYNAMIC_NO_PIC = NO;
				GCC_NO_COMMON_BLOCKS = YES;
				GCC_OPTIMIZATION_LEVEL = 0;
				GCC_PREPROCESSOR_DEFINITIONS = (
					"DEBUG=1",
					"$(inherited)",
				);
				GCC_WARN_64_TO_32_BIT_CONVERSION = YES;
				GCC_WARN_ABOUT_RETURN_TYPE = YES_ERROR;
				GCC_WARN_UNDECLARED_SELECTOR = YES;
				GCC_WARN_UNINITIALIZED_AUTOS = YES_AGGRESSIVE;
				GCC_WARN_UNUSED_FUNCTION = YES;
				GCC_WARN_UNUSED_VARIABLE = YES;
				IPHONEOS_DEPLOYMENT_TARGET = 14.2;
				MTL_ENABLE_DEBUG_INFO = INCLUDE_SOURCE;
				MTL_FAST_MATH = YES;
				ONLY_ACTIVE_ARCH = YES;
				SDKROOT = iphoneos;
				SWIFT_ACTIVE_COMPILATION_CONDITIONS = DEBUG;
				SWIFT_OPTIMIZATION_LEVEL = "-Onone";
			};
			name = Debug;
		};
		018587D125A09B370043F648 /* Release */ = {
			isa = XCBuildConfiguration;
			buildSettings = {
				ALWAYS_SEARCH_USER_PATHS = NO;
				CLANG_ANALYZER_NONNULL = YES;
				CLANG_ANALYZER_NUMBER_OBJECT_CONVERSION = YES_AGGRESSIVE;
				CLANG_CXX_LANGUAGE_STANDARD = "gnu++14";
				CLANG_CXX_LIBRARY = "libc++";
				CLANG_ENABLE_MODULES = YES;
				CLANG_ENABLE_OBJC_ARC = YES;
				CLANG_ENABLE_OBJC_WEAK = YES;
				CLANG_WARN_BLOCK_CAPTURE_AUTORELEASING = YES;
				CLANG_WARN_BOOL_CONVERSION = YES;
				CLANG_WARN_COMMA = YES;
				CLANG_WARN_CONSTANT_CONVERSION = YES;
				CLANG_WARN_DEPRECATED_OBJC_IMPLEMENTATIONS = YES;
				CLANG_WARN_DIRECT_OBJC_ISA_USAGE = YES_ERROR;
				CLANG_WARN_DOCUMENTATION_COMMENTS = YES;
				CLANG_WARN_EMPTY_BODY = YES;
				CLANG_WARN_ENUM_CONVERSION = YES;
				CLANG_WARN_INFINITE_RECURSION = YES;
				CLANG_WARN_INT_CONVERSION = YES;
				CLANG_WARN_NON_LITERAL_NULL_CONVERSION = YES;
				CLANG_WARN_OBJC_IMPLICIT_RETAIN_SELF = YES;
				CLANG_WARN_OBJC_LITERAL_CONVERSION = YES;
				CLANG_WARN_OBJC_ROOT_CLASS = YES_ERROR;
				CLANG_WARN_QUOTED_INCLUDE_IN_FRAMEWORK_HEADER = YES;
				CLANG_WARN_RANGE_LOOP_ANALYSIS = YES;
				CLANG_WARN_STRICT_PROTOTYPES = YES;
				CLANG_WARN_SUSPICIOUS_MOVE = YES;
				CLANG_WARN_UNGUARDED_AVAILABILITY = YES_AGGRESSIVE;
				CLANG_WARN_UNREACHABLE_CODE = YES;
				CLANG_WARN__DUPLICATE_METHOD_MATCH = YES;
				COPY_PHASE_STRIP = NO;
				DEBUG_INFORMATION_FORMAT = "dwarf-with-dsym";
				ENABLE_NS_ASSERTIONS = NO;
				ENABLE_STRICT_OBJC_MSGSEND = YES;
				GCC_C_LANGUAGE_STANDARD = gnu11;
				GCC_NO_COMMON_BLOCKS = YES;
				GCC_WARN_64_TO_32_BIT_CONVERSION = YES;
				GCC_WARN_ABOUT_RETURN_TYPE = YES_ERROR;
				GCC_WARN_UNDECLARED_SELECTOR = YES;
				GCC_WARN_UNINITIALIZED_AUTOS = YES_AGGRESSIVE;
				GCC_WARN_UNUSED_FUNCTION = YES;
				GCC_WARN_UNUSED_VARIABLE = YES;
				IPHONEOS_DEPLOYMENT_TARGET = 14.2;
				MTL_ENABLE_DEBUG_INFO = NO;
				MTL_FAST_MATH = YES;
				SDKROOT = iphoneos;
				SWIFT_COMPILATION_MODE = wholemodule;
				SWIFT_OPTIMIZATION_LEVEL = "-O";
				VALIDATE_PRODUCT = YES;
			};
			name = Release;
		};
		018587D325A09B370043F648 /* Debug */ = {
			isa = XCBuildConfiguration;
			buildSettings = {
				ASSETCATALOG_COMPILER_APPICON_NAME = AppIcon;
				ASSETCATALOG_COMPILER_GLOBAL_ACCENT_COLOR_NAME = AccentColor;
				CODE_SIGN_STYLE = Automatic;
				DEVELOPMENT_TEAM = ZUPX72RCBQ;
				INFOPLIST_FILE = Names/Info.plist;
				IPHONEOS_DEPLOYMENT_TARGET = 14.0;
				LD_RUNPATH_SEARCH_PATHS = (
					"$(inherited)",
					"@executable_path/Frameworks",
				);
				PRODUCT_BUNDLE_IDENTIFIER = com.SimonBabich.Names.Names;
				PRODUCT_NAME = "$(TARGET_NAME)";
				SWIFT_VERSION = 5.0;
				TARGETED_DEVICE_FAMILY = "1,2";
			};
			name = Debug;
		};
		018587D425A09B370043F648 /* Release */ = {
			isa = XCBuildConfiguration;
			buildSettings = {
				ASSETCATALOG_COMPILER_APPICON_NAME = AppIcon;
				ASSETCATALOG_COMPILER_GLOBAL_ACCENT_COLOR_NAME = AccentColor;
				CODE_SIGN_STYLE = Automatic;
				DEVELOPMENT_TEAM = ZUPX72RCBQ;
				INFOPLIST_FILE = Names/Info.plist;
				IPHONEOS_DEPLOYMENT_TARGET = 14.0;
				LD_RUNPATH_SEARCH_PATHS = (
					"$(inherited)",
					"@executable_path/Frameworks",
				);
				PRODUCT_BUNDLE_IDENTIFIER = com.SimonBabich.Names.Names;
				PRODUCT_NAME = "$(TARGET_NAME)";
				SWIFT_VERSION = 5.0;
				TARGETED_DEVICE_FAMILY = "1,2";
			};
			name = Release;
		};
/* End XCBuildConfiguration section */

/* Begin XCConfigurationList section */
		018587B925A09B330043F648 /* Build configuration list for PBXProject "Names" */ = {
			isa = XCConfigurationList;
			buildConfigurations = (
				018587D025A09B370043F648 /* Debug */,
				018587D125A09B370043F648 /* Release */,
			);
			defaultConfigurationIsVisible = 0;
			defaultConfigurationName = Release;
		};
		018587D225A09B370043F648 /* Build configuration list for PBXNativeTarget "Names" */ = {
			isa = XCConfigurationList;
			buildConfigurations = (
				018587D325A09B370043F648 /* Debug */,
				018587D425A09B370043F648 /* Release */,
			);
			defaultConfigurationIsVisible = 0;
			defaultConfigurationName = Release;
		};
/* End XCConfigurationList section */
	};
	rootObject = 018587B625A09B330043F648 /* Project object */;
}
